
Microsoft Visual Studio Solution File, Format Version 12.00
# Visual Studio 15
Project("{FAE04EC0-301F-11D3-BF4B-00C04F79EFBC}") = "UnityEngine.TestRunner", "UnityEngine.TestRunner.csproj", "{F9886B2D-4E4C-8A39-F516-DF46EAEA2AC6}"
EndProject
Project("{FAE04EC0-301F-11D3-BF4B-00C04F79EFBC}") = "Unity.Mathematics", "Unity.Mathematics.csproj", "{9B28C8CF-1626-1672-7A14-1788001EB7CA}"
EndProject
Project("{FAE04EC0-301F-11D3-BF4B-00C04F79EFBC}") = "Unity.2D.Animation.Triangle.Runtime", "Unity.2D.Animation.Triangle.Runtime.csproj", "{A75E3032-6900-F8D7-AAF8-3E67AC141129}"
EndProject
Project("{FAE04EC0-301F-11D3-BF4B-00C04F79EFBC}") = "Unity.Timeline", "Unity.Timeline.csproj", "{343A2480-04C0-5CA1-72BB-C7595DF7A805}"
EndProject
Project("{FAE04EC0-301F-11D3-BF4B-00C04F79EFBC}") = "UnityEngine.UI", "UnityEngine.UI.csproj", "{7BC1F4C1-37AD-5D76-F57A-15672D32A162}"
EndProject
Project("{FAE04EC0-301F-11D3-BF4B-00C04F79EFBC}") = "Unity.TextMeshPro", "Unity.TextMeshPro.csproj", "{0988D20F-7CF1-70DE-FC87-0434ECDF0831}"
EndProject
Project("{FAE04EC0-301F-11D3-BF4B-00C04F79EFBC}") = "Unity.2D.Animation.Runtime", "Unity.2D.Animation.Runtime.csproj", "{79CAF5B6-0915-0681-C692-445815A995C3}"
EndProject
Project("{FAE04EC0-301F-11D3-BF4B-00C04F79EFBC}") = "Unity.2D.IK.Runtime", "Unity.2D.IK.Runtime.csproj", "{93CF5EB4-73E6-2741-6D14-9B60E3643DCB}"
EndProject
Project("{FAE04EC0-301F-11D3-BF4B-00C04F79EFBC}") = "Unity.Notifications.Android", "Unity.Notifications.Android.csproj", "{466B0262-A259-A929-43F0-00D0AB09B11B}"
EndProject
Project("{FAE04EC0-301F-11D3-BF4B-00C04F79EFBC}") = "Unity.2D.SpriteShape.Runtime", "Unity.2D.SpriteShape.Runtime.csproj", "{76973C0F-A561-1FF8-9D93-89786EBD3C22}"
EndProject
Project("{FAE04EC0-301F-11D3-BF4B-00C04F79EFBC}") = "Unity.Notifications.iOS", "Unity.Notifications.iOS.csproj", "{13294A4C-96F6-EEB1-46C1-4F5BF5271C9C}"
EndProject
Project("{FAE04EC0-301F-11D3-BF4B-00C04F79EFBC}") = "Unity.2D.PixelPerfect", "Unity.2D.PixelPerfect.csproj", "{4CF80D9F-B8AB-A85E-5C3A-D7A300D2F688}"
EndProject
Project("{FAE04EC0-301F-11D3-BF4B-00C04F79EFBC}") = "Assembly-CSharp", "Assembly-CSharp.csproj", "{1A6330F7-B2AB-BD41-8492-305CC0414239}"
EndProject
Project("{FAE04EC0-301F-11D3-BF4B-00C04F79EFBC}") = "Unity.2D.Common.Runtime", "Unity.2D.Common.Runtime.csproj", "{184C46F0-FC03-08FF-6A78-347BDBB0DE1C}"
EndProject
Project("{FAE04EC0-301F-11D3-BF4B-00C04F79EFBC}") = "Unity.InternalAPIEngineBridge.001", "Unity.InternalAPIEngineBridge.001.csproj", "{E512B74B-DF7B-0E05-D265-90BADF58C877}"
EndProject
Project("{FAE04EC0-301F-11D3-BF4B-00C04F79EFBC}") = "UnityEditor.TestRunner", "UnityEditor.TestRunner.csproj", "{09DFB892-E7AD-046E-49C3-4EA67BF40178}"
EndProject
Project("{FAE04EC0-301F-11D3-BF4B-00C04F79EFBC}") = "Unity.PlasticSCM.Editor", "Unity.PlasticSCM.Editor.csproj", "{BAE48853-6F91-DEEB-12B8-AA92249EB0EE}"
EndProject
Project("{FAE04EC0-301F-11D3-BF4B-00C04F79EFBC}") = "UnityEditor.UI", "UnityEditor.UI.csproj", "{E7398ECB-CFF6-CCAC-7F31-1AEEEC235A36}"
EndProject
Project("{FAE04EC0-301F-11D3-BF4B-00C04F79EFBC}") = "Unity.Timeline.Editor", "Unity.Timeline.Editor.csproj", "{082DBB74-D1B9-23F3-A762-8F11B186DE53}"
EndProject
Project("{FAE04EC0-301F-11D3-BF4B-00C04F79EFBC}") = "Unity.VisualStudio.Editor", "Unity.VisualStudio.Editor.csproj", "{84119DBC-DD08-1EBE-2127-AADDA92C2B8A}"
EndProject
Project("{FAE04EC0-301F-11D3-BF4B-00C04F79EFBC}") = "Unity.2D.Psdimporter.Editor", "Unity.2D.Psdimporter.Editor.csproj", "{904FE25C-D1E1-1902-24EF-084C9B4E5FDC}"
EndProject
Project("{FAE04EC0-301F-11D3-BF4B-00C04F79EFBC}") = "Unity.2D.Animation.Editor", "Unity.2D.Animation.Editor.csproj", "{BE402CAE-D462-46CE-EA29-68D347E338A4}"
EndProject
Project("{FAE04EC0-301F-11D3-BF4B-00C04F79EFBC}") = "Unity.TextMeshPro.Editor", "Unity.TextMeshPro.Editor.csproj", "{05E4088E-AEA6-0806-9685-75A4F7793DEF}"
EndProject
Project("{FAE04EC0-301F-11D3-BF4B-00C04F79EFBC}") = "Unity.2D.SpriteShape.Editor", "Unity.2D.SpriteShape.Editor.csproj", "{95C5011A-F1B6-39DF-6810-09CAFF58EE29}"
EndProject
Project("{FAE04EC0-301F-11D3-BF4B-00C04F79EFBC}") = "Unity.CollabProxy.Editor", "Unity.CollabProxy.Editor.csproj", "{53B3A451-FBA5-7871-B5BA-D27205177C36}"
EndProject
Project("{FAE04EC0-301F-11D3-BF4B-00C04F79EFBC}") = "PsdPlugin", "PsdPlugin.csproj", "{32A607E9-B3D7-DC7E-7576-5E387AF1A267}"
EndProject
Project("{FAE04EC0-301F-11D3-BF4B-00C04F79EFBC}") = "Unity.2D.Path.Editor", "Unity.2D.Path.Editor.csproj", "{546D96E7-C0CE-0371-F8BF-1235C6BAF18C}"
EndProject
Project("{FAE04EC0-301F-11D3-BF4B-00C04F79EFBC}") = "Unity.Mobile.AndroidLogcat.Editor", "Unity.Mobile.AndroidLogcat.Editor.csproj", "{22DBF114-2CC7-6737-F5A9-02A0266858C3}"
EndProject
Project("{FAE04EC0-301F-11D3-BF4B-00C04F79EFBC}") = "Unity.Rider.Editor", "Unity.Rider.Editor.csproj", "{B2093ED8-51F3-6B6B-336B-B4FD2549C627}"
EndProject
Project("{FAE04EC0-301F-11D3-BF4B-00C04F79EFBC}") = "Unity.2D.IK.Editor", "Unity.2D.IK.Editor.csproj", "{85727416-8A98-58E0-9BE5-171A00EC83CD}"
EndProject
Project("{FAE04EC0-301F-11D3-BF4B-00C04F79EFBC}") = "Unity.2D.Sprite.Editor", "Unity.2D.Sprite.Editor.csproj", "{4D6D41AC-658B-AFF6-3F99-18537B08A53E}"
EndProject
Project("{FAE04EC0-301F-11D3-BF4B-00C04F79EFBC}") = "Unity.2D.Tilemap.Editor", "Unity.2D.Tilemap.Editor.csproj", "{10D32083-43DB-020B-1DF4-CBA9B92E52A7}"
EndProject
Project("{FAE04EC0-301F-11D3-BF4B-00C04F79EFBC}") = "Unity.2D.PixelPerfect.Editor", "Unity.2D.PixelPerfect.Editor.csproj", "{B2525A2D-A4A9-70E8-DDE7-2DF6BF72F23C}"
EndProject
Project("{FAE04EC0-301F-11D3-BF4B-00C04F79EFBC}") = "Unity.VSCode.Editor", "Unity.VSCode.Editor.csproj", "{35EC9C46-3BC2-5A01-7DE2-DBA15FBC5BF6}"
EndProject
Project("{FAE04EC0-301F-11D3-BF4B-00C04F79EFBC}") = "Unity.Notifications", "Unity.Notifications.csproj", "{0857F67B-BD2B-21B8-A7F8-FC176B183EA7}"
EndProject
Project("{FAE04EC0-301F-11D3-BF4B-00C04F79EFBC}") = "Unity.2D.Common.Editor", "Unity.2D.Common.Editor.csproj", "{196FB2C6-6EB6-E61E-DAEB-F68770893EF8}"
EndProject
Project("{FAE04EC0-301F-11D3-BF4B-00C04F79EFBC}") = "Unity.Mathematics.Editor", "Unity.Mathematics.Editor.csproj", "{DAF489AA-CB33-9324-AED4-4FB2CEE486D2}"
EndProject
Project("{FAE04EC0-301F-11D3-BF4B-00C04F79EFBC}") = "Unity.InternalAPIEditorBridge.001", "Unity.InternalAPIEditorBridge.001.csproj", "{896ED40A-1C4A-9128-E515-F380A5672C28}"
EndProject
Project("{FAE04EC0-301F-11D3-BF4B-00C04F79EFBC}") = "UnityEngine.TestRunner", "UnityEngine.TestRunner.Player.csproj", "{2B7DF9ED-0255-10F4-C318-3C83B9E93959}"
EndProject
Project("{FAE04EC0-301F-11D3-BF4B-00C04F79EFBC}") = "Unity.Mathematics", "Unity.Mathematics.Player.csproj", "{FFB749B8-B8AF-62D9-0EC6-333305B9892B}"
EndProject
Project("{FAE04EC0-301F-11D3-BF4B-00C04F79EFBC}") = "Unity.2D.Animation.Triangle.Runtime", "Unity.2D.Animation.Triangle.Runtime.Player.csproj", "{E98EA95D-872A-8F06-055B-C3CCBE2272AB}"
EndProject
Project("{FAE04EC0-301F-11D3-BF4B-00C04F79EFBC}") = "Unity.Timeline", "Unity.Timeline.Player.csproj", "{D3C6CB85-CEA2-C32E-793F-EBEE8998B4FD}"
EndProject
Project("{FAE04EC0-301F-11D3-BF4B-00C04F79EFBC}") = "UnityEngine.UI", "UnityEngine.UI.Player.csproj", "{F3503CDE-89B4-4398-CA70-C47F71FC9DEA}"
EndProject
Project("{FAE04EC0-301F-11D3-BF4B-00C04F79EFBC}") = "Unity.TextMeshPro", "Unity.TextMeshPro.Player.csproj", "{41349377-F879-326C-8BE8-16F9E97BDF13}"
EndProject
Project("{FAE04EC0-301F-11D3-BF4B-00C04F79EFBC}") = "Unity.2D.Animation.Runtime", "Unity.2D.Animation.Runtime.Player.csproj", "{39F5C3F0-AEBB-5AE2-7D67-2E93EA3C76B5}"
EndProject
Project("{FAE04EC0-301F-11D3-BF4B-00C04F79EFBC}") = "Unity.2D.IK.Runtime", "Unity.2D.IK.Runtime.Player.csproj", "{16B84EE9-5141-5E3A-8335-82268EFE3182}"
EndProject
Project("{FAE04EC0-301F-11D3-BF4B-00C04F79EFBC}") = "Unity.2D.SpriteShape.Runtime", "Unity.2D.SpriteShape.Runtime.Player.csproj", "{F6F429CA-D8EA-2643-B65E-172AC4D8538D}"
EndProject
Project("{FAE04EC0-301F-11D3-BF4B-00C04F79EFBC}") = "Unity.2D.PixelPerfect", "Unity.2D.PixelPerfect.Player.csproj", "{166DB5CC-9CA1-A6B1-284A-1E38E30A43D7}"
EndProject
Project("{FAE04EC0-301F-11D3-BF4B-00C04F79EFBC}") = "Assembly-CSharp", "Assembly-CSharp.Player.csproj", "{B650F626-48AE-F2A5-5967-FDC0FEE913BF}"
EndProject
Project("{FAE04EC0-301F-11D3-BF4B-00C04F79EFBC}") = "Unity.2D.Common.Runtime", "Unity.2D.Common.Runtime.Player.csproj", "{0AA6C93F-3392-260B-0565-A43CA909E2B1}"
EndProject
Project("{FAE04EC0-301F-11D3-BF4B-00C04F79EFBC}") = "Unity.InternalAPIEngineBridge.001", "Unity.InternalAPIEngineBridge.001.Player.csproj", "{B4FC05AF-FE5E-9A2F-6EFE-E42EE2E40656}"
EndProject
Global
	GlobalSection(SolutionConfigurationPlatforms) = preSolution
		Debug|Any CPU = Debug|Any CPU
		Release|Any CPU = Release|Any CPU
	EndGlobalSection
	GlobalSection(ProjectConfigurationPlatforms) = postSolution
		{F9886B2D-4E4C-8A39-F516-DF46EAEA2AC6}.Debug|Any CPU.ActiveCfg = Debug|Any CPU
		{F9886B2D-4E4C-8A39-F516-DF46EAEA2AC6}.Debug|Any CPU.Build.0 = Debug|Any CPU
		{F9886B2D-4E4C-8A39-F516-DF46EAEA2AC6}.Release|Any CPU.ActiveCfg = Release|Any CPU
		{F9886B2D-4E4C-8A39-F516-DF46EAEA2AC6}.Release|Any CPU.Build.0 = Release|Any CPU
		{9B28C8CF-1626-1672-7A14-1788001EB7CA}.Debug|Any CPU.ActiveCfg = Debug|Any CPU
		{9B28C8CF-1626-1672-7A14-1788001EB7CA}.Debug|Any CPU.Build.0 = Debug|Any CPU
		{9B28C8CF-1626-1672-7A14-1788001EB7CA}.Release|Any CPU.ActiveCfg = Release|Any CPU
		{9B28C8CF-1626-1672-7A14-1788001EB7CA}.Release|Any CPU.Build.0 = Release|Any CPU
		{A75E3032-6900-F8D7-AAF8-3E67AC141129}.Debug|Any CPU.ActiveCfg = Debug|Any CPU
		{A75E3032-6900-F8D7-AAF8-3E67AC141129}.Debug|Any CPU.Build.0 = Debug|Any CPU
		{A75E3032-6900-F8D7-AAF8-3E67AC141129}.Release|Any CPU.ActiveCfg = Release|Any CPU
		{A75E3032-6900-F8D7-AAF8-3E67AC141129}.Release|Any CPU.Build.0 = Release|Any CPU
		{343A2480-04C0-5CA1-72BB-C7595DF7A805}.Debug|Any CPU.ActiveCfg = Debug|Any CPU
		{343A2480-04C0-5CA1-72BB-C7595DF7A805}.Debug|Any CPU.Build.0 = Debug|Any CPU
		{343A2480-04C0-5CA1-72BB-C7595DF7A805}.Release|Any CPU.ActiveCfg = Release|Any CPU
		{343A2480-04C0-5CA1-72BB-C7595DF7A805}.Release|Any CPU.Build.0 = Release|Any CPU
		{7BC1F4C1-37AD-5D76-F57A-15672D32A162}.Debug|Any CPU.ActiveCfg = Debug|Any CPU
		{7BC1F4C1-37AD-5D76-F57A-15672D32A162}.Debug|Any CPU.Build.0 = Debug|Any CPU
		{7BC1F4C1-37AD-5D76-F57A-15672D32A162}.Release|Any CPU.ActiveCfg = Release|Any CPU
		{7BC1F4C1-37AD-5D76-F57A-15672D32A162}.Release|Any CPU.Build.0 = Release|Any CPU
		{0988D20F-7CF1-70DE-FC87-0434ECDF0831}.Debug|Any CPU.ActiveCfg = Debug|Any CPU
		{0988D20F-7CF1-70DE-FC87-0434ECDF0831}.Debug|Any CPU.Build.0 = Debug|Any CPU
		{0988D20F-7CF1-70DE-FC87-0434ECDF0831}.Release|Any CPU.ActiveCfg = Release|Any CPU
		{0988D20F-7CF1-70DE-FC87-0434ECDF0831}.Release|Any CPU.Build.0 = Release|Any CPU
		{79CAF5B6-0915-0681-C692-445815A995C3}.Debug|Any CPU.ActiveCfg = Debug|Any CPU
		{79CAF5B6-0915-0681-C692-445815A995C3}.Debug|Any CPU.Build.0 = Debug|Any CPU
		{79CAF5B6-0915-0681-C692-445815A995C3}.Release|Any CPU.ActiveCfg = Release|Any CPU
		{79CAF5B6-0915-0681-C692-445815A995C3}.Release|Any CPU.Build.0 = Release|Any CPU
		{93CF5EB4-73E6-2741-6D14-9B60E3643DCB}.Debug|Any CPU.ActiveCfg = Debug|Any CPU
		{93CF5EB4-73E6-2741-6D14-9B60E3643DCB}.Debug|Any CPU.Build.0 = Debug|Any CPU
		{93CF5EB4-73E6-2741-6D14-9B60E3643DCB}.Release|Any CPU.ActiveCfg = Release|Any CPU
		{93CF5EB4-73E6-2741-6D14-9B60E3643DCB}.Release|Any CPU.Build.0 = Release|Any CPU
		{466B0262-A259-A929-43F0-00D0AB09B11B}.Debug|Any CPU.ActiveCfg = Debug|Any CPU
		{466B0262-A259-A929-43F0-00D0AB09B11B}.Debug|Any CPU.Build.0 = Debug|Any CPU
		{466B0262-A259-A929-43F0-00D0AB09B11B}.Release|Any CPU.ActiveCfg = Release|Any CPU
		{466B0262-A259-A929-43F0-00D0AB09B11B}.Release|Any CPU.Build.0 = Release|Any CPU
		{76973C0F-A561-1FF8-9D93-89786EBD3C22}.Debug|Any CPU.ActiveCfg = Debug|Any CPU
		{76973C0F-A561-1FF8-9D93-89786EBD3C22}.Debug|Any CPU.Build.0 = Debug|Any CPU
		{76973C0F-A561-1FF8-9D93-89786EBD3C22}.Release|Any CPU.ActiveCfg = Release|Any CPU
		{76973C0F-A561-1FF8-9D93-89786EBD3C22}.Release|Any CPU.Build.0 = Release|Any CPU
		{13294A4C-96F6-EEB1-46C1-4F5BF5271C9C}.Debug|Any CPU.ActiveCfg = Debug|Any CPU
		{13294A4C-96F6-EEB1-46C1-4F5BF5271C9C}.Debug|Any CPU.Build.0 = Debug|Any CPU
		{13294A4C-96F6-EEB1-46C1-4F5BF5271C9C}.Release|Any CPU.ActiveCfg = Release|Any CPU
		{13294A4C-96F6-EEB1-46C1-4F5BF5271C9C}.Release|Any CPU.Build.0 = Release|Any CPU
		{4CF80D9F-B8AB-A85E-5C3A-D7A300D2F688}.Debug|Any CPU.ActiveCfg = Debug|Any CPU
		{4CF80D9F-B8AB-A85E-5C3A-D7A300D2F688}.Debug|Any CPU.Build.0 = Debug|Any CPU
		{4CF80D9F-B8AB-A85E-5C3A-D7A300D2F688}.Release|Any CPU.ActiveCfg = Release|Any CPU
		{4CF80D9F-B8AB-A85E-5C3A-D7A300D2F688}.Release|Any CPU.Build.0 = Release|Any CPU
		{1A6330F7-B2AB-BD41-8492-305CC0414239}.Debug|Any CPU.ActiveCfg = Debug|Any CPU
		{1A6330F7-B2AB-BD41-8492-305CC0414239}.Debug|Any CPU.Build.0 = Debug|Any CPU
		{1A6330F7-B2AB-BD41-8492-305CC0414239}.Release|Any CPU.ActiveCfg = Release|Any CPU
		{1A6330F7-B2AB-BD41-8492-305CC0414239}.Release|Any CPU.Build.0 = Release|Any CPU
		{184C46F0-FC03-08FF-6A78-347BDBB0DE1C}.Debug|Any CPU.ActiveCfg = Debug|Any CPU
		{184C46F0-FC03-08FF-6A78-347BDBB0DE1C}.Debug|Any CPU.Build.0 = Debug|Any CPU
		{184C46F0-FC03-08FF-6A78-347BDBB0DE1C}.Release|Any CPU.ActiveCfg = Release|Any CPU
		{184C46F0-FC03-08FF-6A78-347BDBB0DE1C}.Release|Any CPU.Build.0 = Release|Any CPU
		{E512B74B-DF7B-0E05-D265-90BADF58C877}.Debug|Any CPU.ActiveCfg = Debug|Any CPU
		{E512B74B-DF7B-0E05-D265-90BADF58C877}.Debug|Any CPU.Build.0 = Debug|Any CPU
		{E512B74B-DF7B-0E05-D265-90BADF58C877}.Release|Any CPU.ActiveCfg = Release|Any CPU
		{E512B74B-DF7B-0E05-D265-90BADF58C877}.Release|Any CPU.Build.0 = Release|Any CPU
		{09DFB892-E7AD-046E-49C3-4EA67BF40178}.Debug|Any CPU.ActiveCfg = Debug|Any CPU
		{09DFB892-E7AD-046E-49C3-4EA67BF40178}.Debug|Any CPU.Build.0 = Debug|Any CPU
		{09DFB892-E7AD-046E-49C3-4EA67BF40178}.Release|Any CPU.ActiveCfg = Release|Any CPU
		{09DFB892-E7AD-046E-49C3-4EA67BF40178}.Release|Any CPU.Build.0 = Release|Any CPU
		{BAE48853-6F91-DEEB-12B8-AA92249EB0EE}.Debug|Any CPU.ActiveCfg = Debug|Any CPU
		{BAE48853-6F91-DEEB-12B8-AA92249EB0EE}.Debug|Any CPU.Build.0 = Debug|Any CPU
		{BAE48853-6F91-DEEB-12B8-AA92249EB0EE}.Release|Any CPU.ActiveCfg = Release|Any CPU
		{BAE48853-6F91-DEEB-12B8-AA92249EB0EE}.Release|Any CPU.Build.0 = Release|Any CPU
		{E7398ECB-CFF6-CCAC-7F31-1AEEEC235A36}.Debug|Any CPU.ActiveCfg = Debug|Any CPU
		{E7398ECB-CFF6-CCAC-7F31-1AEEEC235A36}.Debug|Any CPU.Build.0 = Debug|Any CPU
		{E7398ECB-CFF6-CCAC-7F31-1AEEEC235A36}.Release|Any CPU.ActiveCfg = Release|Any CPU
		{E7398ECB-CFF6-CCAC-7F31-1AEEEC235A36}.Release|Any CPU.Build.0 = Release|Any CPU
		{082DBB74-D1B9-23F3-A762-8F11B186DE53}.Debug|Any CPU.ActiveCfg = Debug|Any CPU
		{082DBB74-D1B9-23F3-A762-8F11B186DE53}.Debug|Any CPU.Build.0 = Debug|Any CPU
		{082DBB74-D1B9-23F3-A762-8F11B186DE53}.Release|Any CPU.ActiveCfg = Release|Any CPU
		{082DBB74-D1B9-23F3-A762-8F11B186DE53}.Release|Any CPU.Build.0 = Release|Any CPU
		{84119DBC-DD08-1EBE-2127-AADDA92C2B8A}.Debug|Any CPU.ActiveCfg = Debug|Any CPU
		{84119DBC-DD08-1EBE-2127-AADDA92C2B8A}.Debug|Any CPU.Build.0 = Debug|Any CPU
		{84119DBC-DD08-1EBE-2127-AADDA92C2B8A}.Release|Any CPU.ActiveCfg = Release|Any CPU
		{84119DBC-DD08-1EBE-2127-AADDA92C2B8A}.Release|Any CPU.Build.0 = Release|Any CPU
		{904FE25C-D1E1-1902-24EF-084C9B4E5FDC}.Debug|Any CPU.ActiveCfg = Debug|Any CPU
		{904FE25C-D1E1-1902-24EF-084C9B4E5FDC}.Debug|Any CPU.Build.0 = Debug|Any CPU
		{904FE25C-D1E1-1902-24EF-084C9B4E5FDC}.Release|Any CPU.ActiveCfg = Release|Any CPU
		{904FE25C-D1E1-1902-24EF-084C9B4E5FDC}.Release|Any CPU.Build.0 = Release|Any CPU
		{BE402CAE-D462-46CE-EA29-68D347E338A4}.Debug|Any CPU.ActiveCfg = Debug|Any CPU
		{BE402CAE-D462-46CE-EA29-68D347E338A4}.Debug|Any CPU.Build.0 = Debug|Any CPU
		{BE402CAE-D462-46CE-EA29-68D347E338A4}.Release|Any CPU.ActiveCfg = Release|Any CPU
		{BE402CAE-D462-46CE-EA29-68D347E338A4}.Release|Any CPU.Build.0 = Release|Any CPU
		{05E4088E-AEA6-0806-9685-75A4F7793DEF}.Debug|Any CPU.ActiveCfg = Debug|Any CPU
		{05E4088E-AEA6-0806-9685-75A4F7793DEF}.Debug|Any CPU.Build.0 = Debug|Any CPU
		{05E4088E-AEA6-0806-9685-75A4F7793DEF}.Release|Any CPU.ActiveCfg = Release|Any CPU
		{05E4088E-AEA6-0806-9685-75A4F7793DEF}.Release|Any CPU.Build.0 = Release|Any CPU
		{95C5011A-F1B6-39DF-6810-09CAFF58EE29}.Debug|Any CPU.ActiveCfg = Debug|Any CPU
		{95C5011A-F1B6-39DF-6810-09CAFF58EE29}.Debug|Any CPU.Build.0 = Debug|Any CPU
		{95C5011A-F1B6-39DF-6810-09CAFF58EE29}.Release|Any CPU.ActiveCfg = Release|Any CPU
		{95C5011A-F1B6-39DF-6810-09CAFF58EE29}.Release|Any CPU.Build.0 = Release|Any CPU
		{53B3A451-FBA5-7871-B5BA-D27205177C36}.Debug|Any CPU.ActiveCfg = Debug|Any CPU
		{53B3A451-FBA5-7871-B5BA-D27205177C36}.Debug|Any CPU.Build.0 = Debug|Any CPU
		{53B3A451-FBA5-7871-B5BA-D27205177C36}.Release|Any CPU.ActiveCfg = Release|Any CPU
		{53B3A451-FBA5-7871-B5BA-D27205177C36}.Release|Any CPU.Build.0 = Release|Any CPU
		{32A607E9-B3D7-DC7E-7576-5E387AF1A267}.Debug|Any CPU.ActiveCfg = Debug|Any CPU
		{32A607E9-B3D7-DC7E-7576-5E387AF1A267}.Debug|Any CPU.Build.0 = Debug|Any CPU
		{32A607E9-B3D7-DC7E-7576-5E387AF1A267}.Release|Any CPU.ActiveCfg = Release|Any CPU
		{32A607E9-B3D7-DC7E-7576-5E387AF1A267}.Release|Any CPU.Build.0 = Release|Any CPU
		{546D96E7-C0CE-0371-F8BF-1235C6BAF18C}.Debug|Any CPU.ActiveCfg = Debug|Any CPU
		{546D96E7-C0CE-0371-F8BF-1235C6BAF18C}.Debug|Any CPU.Build.0 = Debug|Any CPU
		{546D96E7-C0CE-0371-F8BF-1235C6BAF18C}.Release|Any CPU.ActiveCfg = Release|Any CPU
		{546D96E7-C0CE-0371-F8BF-1235C6BAF18C}.Release|Any CPU.Build.0 = Release|Any CPU
		{22DBF114-2CC7-6737-F5A9-02A0266858C3}.Debug|Any CPU.ActiveCfg = Debug|Any CPU
		{22DBF114-2CC7-6737-F5A9-02A0266858C3}.Debug|Any CPU.Build.0 = Debug|Any CPU
		{22DBF114-2CC7-6737-F5A9-02A0266858C3}.Release|Any CPU.ActiveCfg = Release|Any CPU
		{22DBF114-2CC7-6737-F5A9-02A0266858C3}.Release|Any CPU.Build.0 = Release|Any CPU
		{B2093ED8-51F3-6B6B-336B-B4FD2549C627}.Debug|Any CPU.ActiveCfg = Debug|Any CPU
		{B2093ED8-51F3-6B6B-336B-B4FD2549C627}.Debug|Any CPU.Build.0 = Debug|Any CPU
		{B2093ED8-51F3-6B6B-336B-B4FD2549C627}.Release|Any CPU.ActiveCfg = Release|Any CPU
		{B2093ED8-51F3-6B6B-336B-B4FD2549C627}.Release|Any CPU.Build.0 = Release|Any CPU
		{85727416-8A98-58E0-9BE5-171A00EC83CD}.Debug|Any CPU.ActiveCfg = Debug|Any CPU
		{85727416-8A98-58E0-9BE5-171A00EC83CD}.Debug|Any CPU.Build.0 = Debug|Any CPU
		{85727416-8A98-58E0-9BE5-171A00EC83CD}.Release|Any CPU.ActiveCfg = Release|Any CPU
		{85727416-8A98-58E0-9BE5-171A00EC83CD}.Release|Any CPU.Build.0 = Release|Any CPU
		{4D6D41AC-658B-AFF6-3F99-18537B08A53E}.Debug|Any CPU.ActiveCfg = Debug|Any CPU
		{4D6D41AC-658B-AFF6-3F99-18537B08A53E}.Debug|Any CPU.Build.0 = Debug|Any CPU
		{4D6D41AC-658B-AFF6-3F99-18537B08A53E}.Release|Any CPU.ActiveCfg = Release|Any CPU
		{4D6D41AC-658B-AFF6-3F99-18537B08A53E}.Release|Any CPU.Build.0 = Release|Any CPU
		{10D32083-43DB-020B-1DF4-CBA9B92E52A7}.Debug|Any CPU.ActiveCfg = Debug|Any CPU
		{10D32083-43DB-020B-1DF4-CBA9B92E52A7}.Debug|Any CPU.Build.0 = Debug|Any CPU
		{10D32083-43DB-020B-1DF4-CBA9B92E52A7}.Release|Any CPU.ActiveCfg = Release|Any CPU
		{10D32083-43DB-020B-1DF4-CBA9B92E52A7}.Release|Any CPU.Build.0 = Release|Any CPU
		{B2525A2D-A4A9-70E8-DDE7-2DF6BF72F23C}.Debug|Any CPU.ActiveCfg = Debug|Any CPU
		{B2525A2D-A4A9-70E8-DDE7-2DF6BF72F23C}.Debug|Any CPU.Build.0 = Debug|Any CPU
		{B2525A2D-A4A9-70E8-DDE7-2DF6BF72F23C}.Release|Any CPU.ActiveCfg = Release|Any CPU
		{B2525A2D-A4A9-70E8-DDE7-2DF6BF72F23C}.Release|Any CPU.Build.0 = Release|Any CPU
		{35EC9C46-3BC2-5A01-7DE2-DBA15FBC5BF6}.Debug|Any CPU.ActiveCfg = Debug|Any CPU
		{35EC9C46-3BC2-5A01-7DE2-DBA15FBC5BF6}.Debug|Any CPU.Build.0 = Debug|Any CPU
		{35EC9C46-3BC2-5A01-7DE2-DBA15FBC5BF6}.Release|Any CPU.ActiveCfg = Release|Any CPU
		{35EC9C46-3BC2-5A01-7DE2-DBA15FBC5BF6}.Release|Any CPU.Build.0 = Release|Any CPU
		{0857F67B-BD2B-21B8-A7F8-FC176B183EA7}.Debug|Any CPU.ActiveCfg = Debug|Any CPU
		{0857F67B-BD2B-21B8-A7F8-FC176B183EA7}.Debug|Any CPU.Build.0 = Debug|Any CPU
		{0857F67B-BD2B-21B8-A7F8-FC176B183EA7}.Release|Any CPU.ActiveCfg = Release|Any CPU
		{0857F67B-BD2B-21B8-A7F8-FC176B183EA7}.Release|Any CPU.Build.0 = Release|Any CPU
		{196FB2C6-6EB6-E61E-DAEB-F68770893EF8}.Debug|Any CPU.ActiveCfg = Debug|Any CPU
		{196FB2C6-6EB6-E61E-DAEB-F68770893EF8}.Debug|Any CPU.Build.0 = Debug|Any CPU
		{196FB2C6-6EB6-E61E-DAEB-F68770893EF8}.Release|Any CPU.ActiveCfg = Release|Any CPU
		{196FB2C6-6EB6-E61E-DAEB-F68770893EF8}.Release|Any CPU.Build.0 = Release|Any CPU
		{DAF489AA-CB33-9324-AED4-4FB2CEE486D2}.Debug|Any CPU.ActiveCfg = Debug|Any CPU
		{DAF489AA-CB33-9324-AED4-4FB2CEE486D2}.Debug|Any CPU.Build.0 = Debug|Any CPU
		{DAF489AA-CB33-9324-AED4-4FB2CEE486D2}.Release|Any CPU.ActiveCfg = Release|Any CPU
		{DAF489AA-CB33-9324-AED4-4FB2CEE486D2}.Release|Any CPU.Build.0 = Release|Any CPU
		{896ED40A-1C4A-9128-E515-F380A5672C28}.Debug|Any CPU.ActiveCfg = Debug|Any CPU
		{896ED40A-1C4A-9128-E515-F380A5672C28}.Debug|Any CPU.Build.0 = Debug|Any CPU
		{896ED40A-1C4A-9128-E515-F380A5672C28}.Release|Any CPU.ActiveCfg = Release|Any CPU
		{896ED40A-1C4A-9128-E515-F380A5672C28}.Release|Any CPU.Build.0 = Release|Any CPU
		{2B7DF9ED-0255-10F4-C318-3C83B9E93959}.Debug|Any CPU.ActiveCfg = Debug|Any CPU
		{2B7DF9ED-0255-10F4-C318-3C83B9E93959}.Debug|Any CPU.Build.0 = Debug|Any CPU
		{2B7DF9ED-0255-10F4-C318-3C83B9E93959}.Release|Any CPU.ActiveCfg = Release|Any CPU
		{2B7DF9ED-0255-10F4-C318-3C83B9E93959}.Release|Any CPU.Build.0 = Release|Any CPU
		{FFB749B8-B8AF-62D9-0EC6-333305B9892B}.Debug|Any CPU.ActiveCfg = Debug|Any CPU
		{FFB749B8-B8AF-62D9-0EC6-333305B9892B}.Debug|Any CPU.Build.0 = Debug|Any CPU
		{FFB749B8-B8AF-62D9-0EC6-333305B9892B}.Release|Any CPU.ActiveCfg = Release|Any CPU
		{FFB749B8-B8AF-62D9-0EC6-333305B9892B}.Release|Any CPU.Build.0 = Release|Any CPU
		{E98EA95D-872A-8F06-055B-C3CCBE2272AB}.Debug|Any CPU.ActiveCfg = Debug|Any CPU
		{E98EA95D-872A-8F06-055B-C3CCBE2272AB}.Debug|Any CPU.Build.0 = Debug|Any CPU
		{E98EA95D-872A-8F06-055B-C3CCBE2272AB}.Release|Any CPU.ActiveCfg = Release|Any CPU
		{E98EA95D-872A-8F06-055B-C3CCBE2272AB}.Release|Any CPU.Build.0 = Release|Any CPU
		{D3C6CB85-CEA2-C32E-793F-EBEE8998B4FD}.Debug|Any CPU.ActiveCfg = Debug|Any CPU
		{D3C6CB85-CEA2-C32E-793F-EBEE8998B4FD}.Debug|Any CPU.Build.0 = Debug|Any CPU
		{D3C6CB85-CEA2-C32E-793F-EBEE8998B4FD}.Release|Any CPU.ActiveCfg = Release|Any CPU
		{D3C6CB85-CEA2-C32E-793F-EBEE8998B4FD}.Release|Any CPU.Build.0 = Release|Any CPU
		{F3503CDE-89B4-4398-CA70-C47F71FC9DEA}.Debug|Any CPU.ActiveCfg = Debug|Any CPU
		{F3503CDE-89B4-4398-CA70-C47F71FC9DEA}.Debug|Any CPU.Build.0 = Debug|Any CPU
		{F3503CDE-89B4-4398-CA70-C47F71FC9DEA}.Release|Any CPU.ActiveCfg = Release|Any CPU
		{F3503CDE-89B4-4398-CA70-C47F71FC9DEA}.Release|Any CPU.Build.0 = Release|Any CPU
		{41349377-F879-326C-8BE8-16F9E97BDF13}.Debug|Any CPU.ActiveCfg = Debug|Any CPU
		{41349377-F879-326C-8BE8-16F9E97BDF13}.Debug|Any CPU.Build.0 = Debug|Any CPU
		{41349377-F879-326C-8BE8-16F9E97BDF13}.Release|Any CPU.ActiveCfg = Release|Any CPU
		{41349377-F879-326C-8BE8-16F9E97BDF13}.Release|Any CPU.Build.0 = Release|Any CPU
		{39F5C3F0-AEBB-5AE2-7D67-2E93EA3C76B5}.Debug|Any CPU.ActiveCfg = Debug|Any CPU
		{39F5C3F0-AEBB-5AE2-7D67-2E93EA3C76B5}.Debug|Any CPU.Build.0 = Debug|Any CPU
		{39F5C3F0-AEBB-5AE2-7D67-2E93EA3C76B5}.Release|Any CPU.ActiveCfg = Release|Any CPU
		{39F5C3F0-AEBB-5AE2-7D67-2E93EA3C76B5}.Release|Any CPU.Build.0 = Release|Any CPU
		{16B84EE9-5141-5E3A-8335-82268EFE3182}.Debug|Any CPU.ActiveCfg = Debug|Any CPU
		{16B84EE9-5141-5E3A-8335-82268EFE3182}.Debug|Any CPU.Build.0 = Debug|Any CPU
		{16B84EE9-5141-5E3A-8335-82268EFE3182}.Release|Any CPU.ActiveCfg = Release|Any CPU
		{16B84EE9-5141-5E3A-8335-82268EFE3182}.Release|Any CPU.Build.0 = Release|Any CPU
		{F6F429CA-D8EA-2643-B65E-172AC4D8538D}.Debug|Any CPU.ActiveCfg = Debug|Any CPU
		{F6F429CA-D8EA-2643-B65E-172AC4D8538D}.Debug|Any CPU.Build.0 = Debug|Any CPU
		{F6F429CA-D8EA-2643-B65E-172AC4D8538D}.Release|Any CPU.ActiveCfg = Release|Any CPU
		{F6F429CA-D8EA-2643-B65E-172AC4D8538D}.Release|Any CPU.Build.0 = Release|Any CPU
		{166DB5CC-9CA1-A6B1-284A-1E38E30A43D7}.Debug|Any CPU.ActiveCfg = Debug|Any CPU
		{166DB5CC-9CA1-A6B1-284A-1E38E30A43D7}.Debug|Any CPU.Build.0 = Debug|Any CPU
		{166DB5CC-9CA1-A6B1-284A-1E38E30A43D7}.Release|Any CPU.ActiveCfg = Release|Any CPU
		{166DB5CC-9CA1-A6B1-284A-1E38E30A43D7}.Release|Any CPU.Build.0 = Release|Any CPU
		{B650F626-48AE-F2A5-5967-FDC0FEE913BF}.Debug|Any CPU.ActiveCfg = Debug|Any CPU
		{B650F626-48AE-F2A5-5967-FDC0FEE913BF}.Debug|Any CPU.Build.0 = Debug|Any CPU
		{B650F626-48AE-F2A5-5967-FDC0FEE913BF}.Release|Any CPU.ActiveCfg = Release|Any CPU
		{B650F626-48AE-F2A5-5967-FDC0FEE913BF}.Release|Any CPU.Build.0 = Release|Any CPU
		{0AA6C93F-3392-260B-0565-A43CA909E2B1}.Debug|Any CPU.ActiveCfg = Debug|Any CPU
		{0AA6C93F-3392-260B-0565-A43CA909E2B1}.Debug|Any CPU.Build.0 = Debug|Any CPU
		{0AA6C93F-3392-260B-0565-A43CA909E2B1}.Release|Any CPU.ActiveCfg = Release|Any CPU
		{0AA6C93F-3392-260B-0565-A43CA909E2B1}.Release|Any CPU.Build.0 = Release|Any CPU
		{B4FC05AF-FE5E-9A2F-6EFE-E42EE2E40656}.Debug|Any CPU.ActiveCfg = Debug|Any CPU
		{B4FC05AF-FE5E-9A2F-6EFE-E42EE2E40656}.Debug|Any CPU.Build.0 = Debug|Any CPU
		{B4FC05AF-FE5E-9A2F-6EFE-E42EE2E40656}.Release|Any CPU.ActiveCfg = Release|Any CPU
		{B4FC05AF-FE5E-9A2F-6EFE-E42EE2E40656}.Release|Any CPU.Build.0 = Release|Any CPU
	EndGlobalSection
	GlobalSection(SolutionProperties) = preSolution
		HideSolutionNode = FALSE
	EndGlobalSection
EndGlobal
